
Microsoft Visual Studio Solution File, Format Version 12.00
# Visual Studio Version 17
VisualStudioVersion = 17.8.34330.188
MinimumVisualStudioVersion = 10.0.40219.1
Project("{9A19103F-16F7-4668-BE54-9A1E7A4F7556}") = "AdventOfCode_2023", "AdventOfCode_2023.csproj", "{84C46BEF-4EEC-495D-BF65-E61A614591A4}"
EndProject
Global
	GlobalSection(SolutionConfigurationPlatforms) = preSolution
		Debug|Any CPU = Debug|Any CPU
		Release|Any CPU = Release|Any CPU
	EndGlobalSection
	GlobalSection(ProjectConfigurationPlatforms) = postSolution
		{84C46BEF-4EEC-495D-BF65-E61A614591A4}.Debug|Any CPU.ActiveCfg = Debug|Any CPU
		{84C46BEF-4EEC-495D-BF65-E61A614591A4}.Debug|Any CPU.Build.0 = Debug|Any CPU
		{84C46BEF-4EEC-495D-BF65-E61A614591A4}.Release|Any CPU.ActiveCfg = Release|Any CPU
		{84C46BEF-4EEC-495D-BF65-E61A614591A4}.Release|Any CPU.Build.0 = Release|Any CPU
	EndGlobalSection
	GlobalSection(SolutionProperties) = preSolution
		HideSolutionNode = FALSE
	EndGlobalSection
	GlobalSection(ExtensibilityGlobals) = postSolution
		SolutionGuid = {A397F8B8-B474-4618-87B1-B799256AE464}
	EndGlobalSection
EndGlobal
